// !$*UTF8*$!
{
	archiveVersion = 1;
	classes = {
	};
	objectVersion = 46;
	objects = {

/* Begin PBXBuildFile section */
		6003F58E195388D20070C39A /* Foundation.framework in Frameworks */ = {isa = PBXBuildFile; fileRef = 6003F58D195388D20070C39A /* Foundation.framework */; };
		6003F590195388D20070C39A /* CoreGraphics.framework in Frameworks */ = {isa = PBXBuildFile; fileRef = 6003F58F195388D20070C39A /* CoreGraphics.framework */; };
		6003F592195388D20070C39A /* UIKit.framework in Frameworks */ = {isa = PBXBuildFile; fileRef = 6003F591195388D20070C39A /* UIKit.framework */; };
		6003F598195388D20070C39A /* InfoPlist.strings in Resources */ = {isa = PBXBuildFile; fileRef = 6003F596195388D20070C39A /* InfoPlist.strings */; };
		6003F59A195388D20070C39A /* main.m in Sources */ = {isa = PBXBuildFile; fileRef = 6003F599195388D20070C39A /* main.m */; };
		6003F59E195388D20070C39A /* NKAppDelegate.m in Sources */ = {isa = PBXBuildFile; fileRef = 6003F59D195388D20070C39A /* NKAppDelegate.m */; };
		6003F5A1195388D20070C39A /* Main_iPhone.storyboard in Resources */ = {isa = PBXBuildFile; fileRef = 6003F59F195388D20070C39A /* Main_iPhone.storyboard */; };
		6003F5A7195388D20070C39A /* NKViewController.m in Sources */ = {isa = PBXBuildFile; fileRef = 6003F5A6195388D20070C39A /* NKViewController.m */; };
		6003F5A9195388D20070C39A /* Images.xcassets in Resources */ = {isa = PBXBuildFile; fileRef = 6003F5A8195388D20070C39A /* Images.xcassets */; };
		B49E511A1A43C5C9001D6838 /* CKGeometryUtility.m in Sources */ = {isa = PBXBuildFile; fileRef = B49E51131A43C5C9001D6838 /* CKGeometryUtility.m */; };
		B49E511B1A43C5C9001D6838 /* NavigationKit.m in Sources */ = {isa = PBXBuildFile; fileRef = B49E51151A43C5C9001D6838 /* NavigationKit.m */; };
		B49E511C1A43C5C9001D6838 /* NKRoute.m in Sources */ = {isa = PBXBuildFile; fileRef = B49E51171A43C5C9001D6838 /* NKRoute.m */; };
		B49E511D1A43C5C9001D6838 /* NKRouteStep.m in Sources */ = {isa = PBXBuildFile; fileRef = B49E51191A43C5C9001D6838 /* NKRouteStep.m */; };
		B49E51201A43CDDA001D6838 /* WGS84TOGCJ02.m in Sources */ = {isa = PBXBuildFile; fileRef = B49E511F1A43CDDA001D6838 /* WGS84TOGCJ02.m */; };
		DF2487201A3EF54300CFB98F /* fork-left@2x.png in Resources */ = {isa = PBXBuildFile; fileRef = DF2487101A3EF54300CFB98F /* fork-left@2x.png */; };
		DF2487211A3EF54300CFB98F /* fork-right@2x.png in Resources */ = {isa = PBXBuildFile; fileRef = DF2487111A3EF54300CFB98F /* fork-right@2x.png */; };
		DF2487221A3EF54300CFB98F /* merge@2x.png in Resources */ = {isa = PBXBuildFile; fileRef = DF2487121A3EF54300CFB98F /* merge@2x.png */; };
		DF2487231A3EF54300CFB98F /* ramp-left@2x.png in Resources */ = {isa = PBXBuildFile; fileRef = DF2487131A3EF54300CFB98F /* ramp-left@2x.png */; };
		DF2487241A3EF54300CFB98F /* ramp-right@2x.png in Resources */ = {isa = PBXBuildFile; fileRef = DF2487141A3EF54300CFB98F /* ramp-right@2x.png */; };
		DF2487251A3EF54300CFB98F /* roundabout-left@2x.png in Resources */ = {isa = PBXBuildFile; fileRef = DF2487151A3EF54300CFB98F /* roundabout-left@2x.png */; };
		DF2487261A3EF54300CFB98F /* roundabout-right@2x.png in Resources */ = {isa = PBXBuildFile; fileRef = DF2487161A3EF54300CFB98F /* roundabout-right@2x.png */; };
		DF2487271A3EF54300CFB98F /* straight@2x.png in Resources */ = {isa = PBXBuildFile; fileRef = DF2487171A3EF54300CFB98F /* straight@2x.png */; };
		DF2487281A3EF54300CFB98F /* turn-left@2x.png in Resources */ = {isa = PBXBuildFile; fileRef = DF2487181A3EF54300CFB98F /* turn-left@2x.png */; };
		DF2487291A3EF54300CFB98F /* turn-right@2x.png in Resources */ = {isa = PBXBuildFile; fileRef = DF2487191A3EF54300CFB98F /* turn-right@2x.png */; };
		DF24872A1A3EF54300CFB98F /* turn-sharp-left@2x.png in Resources */ = {isa = PBXBuildFile; fileRef = DF24871A1A3EF54300CFB98F /* turn-sharp-left@2x.png */; };
		DF24872B1A3EF54300CFB98F /* turn-sharp-right@2x.png in Resources */ = {isa = PBXBuildFile; fileRef = DF24871B1A3EF54300CFB98F /* turn-sharp-right@2x.png */; };
		DF24872C1A3EF54300CFB98F /* turn-slight-left@2x.png in Resources */ = {isa = PBXBuildFile; fileRef = DF24871C1A3EF54300CFB98F /* turn-slight-left@2x.png */; };
		DF24872D1A3EF54300CFB98F /* turn-slight-right@2x.png in Resources */ = {isa = PBXBuildFile; fileRef = DF24871D1A3EF54300CFB98F /* turn-slight-right@2x.png */; };
		DF24872E1A3EF54300CFB98F /* uturn-left@2x.png in Resources */ = {isa = PBXBuildFile; fileRef = DF24871E1A3EF54300CFB98F /* uturn-left@2x.png */; };
		DF24872F1A3EF54300CFB98F /* uturn-right@2x.png in Resources */ = {isa = PBXBuildFile; fileRef = DF24871F1A3EF54300CFB98F /* uturn-right@2x.png */; };
/* End PBXBuildFile section */

/* Begin PBXFileReference section */
		6003F58A195388D20070C39A /* NavigationKitExample.app */ = {isa = PBXFileReference; explicitFileType = wrapper.application; includeInIndex = 0; path = NavigationKitExample.app; sourceTree = BUILT_PRODUCTS_DIR; };
		6003F58D195388D20070C39A /* Foundation.framework */ = {isa = PBXFileReference; lastKnownFileType = wrapper.framework; name = Foundation.framework; path = System/Library/Frameworks/Foundation.framework; sourceTree = SDKROOT; };
		6003F58F195388D20070C39A /* CoreGraphics.framework */ = {isa = PBXFileReference; lastKnownFileType = wrapper.framework; name = CoreGraphics.framework; path = System/Library/Frameworks/CoreGraphics.framework; sourceTree = SDKROOT; };
		6003F591195388D20070C39A /* UIKit.framework */ = {isa = PBXFileReference; lastKnownFileType = wrapper.framework; name = UIKit.framework; path = System/Library/Frameworks/UIKit.framework; sourceTree = SDKROOT; };
		6003F595195388D20070C39A /* NavigationKitExample-Info.plist */ = {isa = PBXFileReference; lastKnownFileType = text.plist.xml; path = "NavigationKitExample-Info.plist"; sourceTree = "<group>"; };
		6003F597195388D20070C39A /* en */ = {isa = PBXFileReference; lastKnownFileType = text.plist.strings; name = en; path = en.lproj/InfoPlist.strings; sourceTree = "<group>"; };
		6003F599195388D20070C39A /* main.m */ = {isa = PBXFileReference; lastKnownFileType = sourcecode.c.objc; path = main.m; sourceTree = "<group>"; };
		6003F59B195388D20070C39A /* NavigationKitExample-Prefix.pch */ = {isa = PBXFileReference; lastKnownFileType = sourcecode.c.h; path = "NavigationKitExample-Prefix.pch"; sourceTree = "<group>"; };
		6003F59C195388D20070C39A /* NKAppDelegate.h */ = {isa = PBXFileReference; lastKnownFileType = sourcecode.c.h; path = NKAppDelegate.h; sourceTree = "<group>"; };
		6003F59D195388D20070C39A /* NKAppDelegate.m */ = {isa = PBXFileReference; lastKnownFileType = sourcecode.c.objc; path = NKAppDelegate.m; sourceTree = "<group>"; };
		6003F5A0195388D20070C39A /* Base */ = {isa = PBXFileReference; lastKnownFileType = file.storyboard; name = Base; path = Base.lproj/Main_iPhone.storyboard; sourceTree = "<group>"; };
		6003F5A5195388D20070C39A /* NKViewController.h */ = {isa = PBXFileReference; lastKnownFileType = sourcecode.c.h; path = NKViewController.h; sourceTree = "<group>"; };
		6003F5A6195388D20070C39A /* NKViewController.m */ = {isa = PBXFileReference; lastKnownFileType = sourcecode.c.objc; path = NKViewController.m; sourceTree = "<group>"; };
		6003F5A8195388D20070C39A /* Images.xcassets */ = {isa = PBXFileReference; lastKnownFileType = folder.assetcatalog; path = Images.xcassets; sourceTree = "<group>"; };
		B49E51121A43C5C9001D6838 /* CKGeometryUtility.h */ = {isa = PBXFileReference; fileEncoding = 4; lastKnownFileType = sourcecode.c.h; name = CKGeometryUtility.h; path = ../../NavigationKit/CKGeometryUtility.h; sourceTree = "<group>"; };
		B49E51131A43C5C9001D6838 /* CKGeometryUtility.m */ = {isa = PBXFileReference; fileEncoding = 4; lastKnownFileType = sourcecode.c.objc; name = CKGeometryUtility.m; path = ../../NavigationKit/CKGeometryUtility.m; sourceTree = "<group>"; };
		B49E51141A43C5C9001D6838 /* NavigationKit.h */ = {isa = PBXFileReference; fileEncoding = 4; lastKnownFileType = sourcecode.c.h; name = NavigationKit.h; path = ../../NavigationKit/NavigationKit.h; sourceTree = "<group>"; };
		B49E51151A43C5C9001D6838 /* NavigationKit.m */ = {isa = PBXFileReference; fileEncoding = 4; lastKnownFileType = sourcecode.c.objc; name = NavigationKit.m; path = ../../NavigationKit/NavigationKit.m; sourceTree = "<group>"; };
		B49E51161A43C5C9001D6838 /* NKRoute.h */ = {isa = PBXFileReference; fileEncoding = 4; lastKnownFileType = sourcecode.c.h; name = NKRoute.h; path = ../../NavigationKit/NKRoute.h; sourceTree = "<group>"; };
		B49E51171A43C5C9001D6838 /* NKRoute.m */ = {isa = PBXFileReference; fileEncoding = 4; lastKnownFileType = sourcecode.c.objc; name = NKRoute.m; path = ../../NavigationKit/NKRoute.m; sourceTree = "<group>"; };
		B49E51181A43C5C9001D6838 /* NKRouteStep.h */ = {isa = PBXFileReference; fileEncoding = 4; lastKnownFileType = sourcecode.c.h; name = NKRouteStep.h; path = ../../NavigationKit/NKRouteStep.h; sourceTree = "<group>"; };
		B49E51191A43C5C9001D6838 /* NKRouteStep.m */ = {isa = PBXFileReference; fileEncoding = 4; lastKnownFileType = sourcecode.c.objc; name = NKRouteStep.m; path = ../../NavigationKit/NKRouteStep.m; sourceTree = "<group>"; };
		B49E511E1A43CDDA001D6838 /* WGS84TOGCJ02.h */ = {isa = PBXFileReference; fileEncoding = 4; lastKnownFileType = sourcecode.c.h; path = WGS84TOGCJ02.h; sourceTree = "<group>"; };
		B49E511F1A43CDDA001D6838 /* WGS84TOGCJ02.m */ = {isa = PBXFileReference; fileEncoding = 4; lastKnownFileType = sourcecode.c.objc; path = WGS84TOGCJ02.m; sourceTree = "<group>"; };
		DF2487101A3EF54300CFB98F /* fork-left@2x.png */ = {isa = PBXFileReference; lastKnownFileType = image.png; path = "fork-left@2x.png"; sourceTree = "<group>"; };
		DF2487111A3EF54300CFB98F /* fork-right@2x.png */ = {isa = PBXFileReference; lastKnownFileType = image.png; path = "fork-right@2x.png"; sourceTree = "<group>"; };
		DF2487121A3EF54300CFB98F /* merge@2x.png */ = {isa = PBXFileReference; lastKnownFileType = image.png; path = "merge@2x.png"; sourceTree = "<group>"; };
		DF2487131A3EF54300CFB98F /* ramp-left@2x.png */ = {isa = PBXFileReference; lastKnownFileType = image.png; path = "ramp-left@2x.png"; sourceTree = "<group>"; };
		DF2487141A3EF54300CFB98F /* ramp-right@2x.png */ = {isa = PBXFileReference; lastKnownFileType = image.png; path = "ramp-right@2x.png"; sourceTree = "<group>"; };
		DF2487151A3EF54300CFB98F /* roundabout-left@2x.png */ = {isa = PBXFileReference; lastKnownFileType = image.png; path = "roundabout-left@2x.png"; sourceTree = "<group>"; };
		DF2487161A3EF54300CFB98F /* roundabout-right@2x.png */ = {isa = PBXFileReference; lastKnownFileType = image.png; path = "roundabout-right@2x.png"; sourceTree = "<group>"; };
		DF2487171A3EF54300CFB98F /* straight@2x.png */ = {isa = PBXFileReference; lastKnownFileType = image.png; path = "straight@2x.png"; sourceTree = "<group>"; };
		DF2487181A3EF54300CFB98F /* turn-left@2x.png */ = {isa = PBXFileReference; lastKnownFileType = image.png; path = "turn-left@2x.png"; sourceTree = "<group>"; };
		DF2487191A3EF54300CFB98F /* turn-right@2x.png */ = {isa = PBXFileReference; lastKnownFileType = image.png; path = "turn-right@2x.png"; sourceTree = "<group>"; };
		DF24871A1A3EF54300CFB98F /* turn-sharp-left@2x.png */ = {isa = PBXFileReference; lastKnownFileType = image.png; path = "turn-sharp-left@2x.png"; sourceTree = "<group>"; };
		DF24871B1A3EF54300CFB98F /* turn-sharp-right@2x.png */ = {isa = PBXFileReference; lastKnownFileType = image.png; path = "turn-sharp-right@2x.png"; sourceTree = "<group>"; };
		DF24871C1A3EF54300CFB98F /* turn-slight-left@2x.png */ = {isa = PBXFileReference; lastKnownFileType = image.png; path = "turn-slight-left@2x.png"; sourceTree = "<group>"; };
		DF24871D1A3EF54300CFB98F /* turn-slight-right@2x.png */ = {isa = PBXFileReference; lastKnownFileType = image.png; path = "turn-slight-right@2x.png"; sourceTree = "<group>"; };
		DF24871E1A3EF54300CFB98F /* uturn-left@2x.png */ = {isa = PBXFileReference; lastKnownFileType = image.png; path = "uturn-left@2x.png"; sourceTree = "<group>"; };
		DF24871F1A3EF54300CFB98F /* uturn-right@2x.png */ = {isa = PBXFileReference; lastKnownFileType = image.png; path = "uturn-right@2x.png"; sourceTree = "<group>"; };
/* End PBXFileReference section */

/* Begin PBXFrameworksBuildPhase section */
		6003F587195388D20070C39A /* Frameworks */ = {
			isa = PBXFrameworksBuildPhase;
			buildActionMask = 2147483647;
			files = (
				6003F590195388D20070C39A /* CoreGraphics.framework in Frameworks */,
				6003F592195388D20070C39A /* UIKit.framework in Frameworks */,
				6003F58E195388D20070C39A /* Foundation.framework in Frameworks */,
			);
			runOnlyForDeploymentPostprocessing = 0;
		};
/* End PBXFrameworksBuildPhase section */

/* Begin PBXGroup section */
		6003F581195388D10070C39A = {
			isa = PBXGroup;
			children = (
				6003F593195388D20070C39A /* NavigationKitExample */,
				6003F58C195388D20070C39A /* Frameworks */,
				6003F58B195388D20070C39A /* Products */,
			);
			sourceTree = "<group>";
		};
		6003F58B195388D20070C39A /* Products */ = {
			isa = PBXGroup;
			children = (
				6003F58A195388D20070C39A /* NavigationKitExample.app */,
			);
			name = Products;
			sourceTree = "<group>";
		};
		6003F58C195388D20070C39A /* Frameworks */ = {
			isa = PBXGroup;
			children = (
				6003F58D195388D20070C39A /* Foundation.framework */,
				6003F58F195388D20070C39A /* CoreGraphics.framework */,
				6003F591195388D20070C39A /* UIKit.framework */,
			);
			name = Frameworks;
			sourceTree = "<group>";
		};
		6003F593195388D20070C39A /* NavigationKitExample */ = {
			isa = PBXGroup;
			children = (
				6003F5A8195388D20070C39A /* Images.xcassets */,
				6003F594195388D20070C39A /* Supporting Files */,
				B49E51111A43C5BF001D6838 /* NavigationKit */,
				6003F59C195388D20070C39A /* NKAppDelegate.h */,
				6003F59D195388D20070C39A /* NKAppDelegate.m */,
				6003F59F195388D20070C39A /* Main_iPhone.storyboard */,
				B49E511E1A43CDDA001D6838 /* WGS84TOGCJ02.h */,
				B49E511F1A43CDDA001D6838 /* WGS84TOGCJ02.m */,
				6003F5A5195388D20070C39A /* NKViewController.h */,
				6003F5A6195388D20070C39A /* NKViewController.m */,
			);
			path = NavigationKitExample;
			sourceTree = "<group>";
		};
		6003F594195388D20070C39A /* Supporting Files */ = {
			isa = PBXGroup;
			children = (
				DF24870F1A3EF54300CFB98F /* Maneuver Icons */,
				6003F595195388D20070C39A /* NavigationKitExample-Info.plist */,
				6003F596195388D20070C39A /* InfoPlist.strings */,
				6003F599195388D20070C39A /* main.m */,
				6003F59B195388D20070C39A /* NavigationKitExample-Prefix.pch */,
			);
			name = "Supporting Files";
			sourceTree = "<group>";
		};
		B49E51111A43C5BF001D6838 /* NavigationKit */ = {
			isa = PBXGroup;
			children = (
				B49E51121A43C5C9001D6838 /* CKGeometryUtility.h */,
				B49E51131A43C5C9001D6838 /* CKGeometryUtility.m */,
				B49E51141A43C5C9001D6838 /* NavigationKit.h */,
				B49E51151A43C5C9001D6838 /* NavigationKit.m */,
				B49E51161A43C5C9001D6838 /* NKRoute.h */,
				B49E51171A43C5C9001D6838 /* NKRoute.m */,
				B49E51181A43C5C9001D6838 /* NKRouteStep.h */,
				B49E51191A43C5C9001D6838 /* NKRouteStep.m */,
			);
			name = NavigationKit;
			sourceTree = "<group>";
		};
		DF24870F1A3EF54300CFB98F /* Maneuver Icons */ = {
			isa = PBXGroup;
			children = (
				DF2487101A3EF54300CFB98F /* fork-left@2x.png */,
				DF2487111A3EF54300CFB98F /* fork-right@2x.png */,
				DF2487121A3EF54300CFB98F /* merge@2x.png */,
				DF2487131A3EF54300CFB98F /* ramp-left@2x.png */,
				DF2487141A3EF54300CFB98F /* ramp-right@2x.png */,
				DF2487151A3EF54300CFB98F /* roundabout-left@2x.png */,
				DF2487161A3EF54300CFB98F /* roundabout-right@2x.png */,
				DF2487171A3EF54300CFB98F /* straight@2x.png */,
				DF2487181A3EF54300CFB98F /* turn-left@2x.png */,
				DF2487191A3EF54300CFB98F /* turn-right@2x.png */,
				DF24871A1A3EF54300CFB98F /* turn-sharp-left@2x.png */,
				DF24871B1A3EF54300CFB98F /* turn-sharp-right@2x.png */,
				DF24871C1A3EF54300CFB98F /* turn-slight-left@2x.png */,
				DF24871D1A3EF54300CFB98F /* turn-slight-right@2x.png */,
				DF24871E1A3EF54300CFB98F /* uturn-left@2x.png */,
				DF24871F1A3EF54300CFB98F /* uturn-right@2x.png */,
			);
			path = "Maneuver Icons";
			sourceTree = "<group>";
		};
/* End PBXGroup section */

/* Begin PBXNativeTarget section */
		6003F589195388D20070C39A /* NavigationKitExample */ = {
			isa = PBXNativeTarget;
			buildConfigurationList = 6003F5BF195388D20070C39A /* Build configuration list for PBXNativeTarget "NavigationKitExample" */;
			buildPhases = (
				6003F586195388D20070C39A /* Sources */,
				6003F587195388D20070C39A /* Frameworks */,
				6003F588195388D20070C39A /* Resources */,
			);
			buildRules = (
			);
			dependencies = (
			);
			name = NavigationKitExample;
			productName = NavigationKitExample;
			productReference = 6003F58A195388D20070C39A /* NavigationKitExample.app */;
			productType = "com.apple.product-type.application";
		};
/* End PBXNativeTarget section */

/* Begin PBXProject section */
		6003F582195388D10070C39A /* Project object */ = {
			isa = PBXProject;
			attributes = {
				CLASSPREFIX = NK;
				LastUpgradeCheck = 0510;
				ORGANIZATIONNAME = CkStudio;
			};
			buildConfigurationList = 6003F585195388D10070C39A /* Build configuration list for PBXProject "NavigationKitExample" */;
			compatibilityVersion = "Xcode 3.2";
			developmentRegion = English;
			hasScannedForEncodings = 0;
			knownRegions = (
				en,
				Base,
			);
			mainGroup = 6003F581195388D10070C39A;
			productRefGroup = 6003F58B195388D20070C39A /* Products */;
			projectDirPath = "";
			projectRoot = "";
			targets = (
				6003F589195388D20070C39A /* NavigationKitExample */,
			);
		};
/* End PBXProject section */

/* Begin PBXResourcesBuildPhase section */
		6003F588195388D20070C39A /* Resources */ = {
			isa = PBXResourcesBuildPhase;
			buildActionMask = 2147483647;
			files = (
				DF24872E1A3EF54300CFB98F /* uturn-left@2x.png in Resources */,
				6003F5A9195388D20070C39A /* Images.xcassets in Resources */,
				DF2487291A3EF54300CFB98F /* turn-right@2x.png in Resources */,
				DF24872B1A3EF54300CFB98F /* turn-sharp-right@2x.png in Resources */,
				DF2487201A3EF54300CFB98F /* fork-left@2x.png in Resources */,
				DF24872A1A3EF54300CFB98F /* turn-sharp-left@2x.png in Resources */,
				6003F5A1195388D20070C39A /* Main_iPhone.storyboard in Resources */,
				DF24872F1A3EF54300CFB98F /* uturn-right@2x.png in Resources */,
				DF24872D1A3EF54300CFB98F /* turn-slight-right@2x.png in Resources */,
				DF2487261A3EF54300CFB98F /* roundabout-right@2x.png in Resources */,
				DF2487251A3EF54300CFB98F /* roundabout-left@2x.png in Resources */,
				DF2487241A3EF54300CFB98F /* ramp-right@2x.png in Resources */,
				DF2487281A3EF54300CFB98F /* turn-left@2x.png in Resources */,
				DF24872C1A3EF54300CFB98F /* turn-slight-left@2x.png in Resources */,
				6003F598195388D20070C39A /* InfoPlist.strings in Resources */,
				DF2487231A3EF54300CFB98F /* ramp-left@2x.png in Resources */,
				DF2487211A3EF54300CFB98F /* fork-right@2x.png in Resources */,
				DF2487271A3EF54300CFB98F /* straight@2x.png in Resources */,
				DF2487221A3EF54300CFB98F /* merge@2x.png in Resources */,
			);
			runOnlyForDeploymentPostprocessing = 0;
		};
/* End PBXResourcesBuildPhase section */

/* Begin PBXSourcesBuildPhase section */
		6003F586195388D20070C39A /* Sources */ = {
			isa = PBXSourcesBuildPhase;
			buildActionMask = 2147483647;
			files = (
				B49E511A1A43C5C9001D6838 /* CKGeometryUtility.m in Sources */,
				B49E511B1A43C5C9001D6838 /* NavigationKit.m in Sources */,
				B49E511C1A43C5C9001D6838 /* NKRoute.m in Sources */,
				B49E511D1A43C5C9001D6838 /* NKRouteStep.m in Sources */,
				6003F59E195388D20070C39A /* NKAppDelegate.m in Sources */,
				6003F5A7195388D20070C39A /* NKViewController.m in Sources */,
				6003F59A195388D20070C39A /* main.m in Sources */,
				B49E51201A43CDDA001D6838 /* WGS84TOGCJ02.m in Sources */,
			);
			runOnlyForDeploymentPostprocessing = 0;
		};
/* End PBXSourcesBuildPhase section */

/* Begin PBXVariantGroup section */
		6003F596195388D20070C39A /* InfoPlist.strings */ = {
			isa = PBXVariantGroup;
			children = (
				6003F597195388D20070C39A /* en */,
			);
			name = InfoPlist.strings;
			sourceTree = "<group>";
		};
		6003F59F195388D20070C39A /* Main_iPhone.storyboard */ = {
			isa = PBXVariantGroup;
			children = (
				6003F5A0195388D20070C39A /* Base */,
			);
			name = Main_iPhone.storyboard;
			sourceTree = "<group>";
		};
/* End PBXVariantGroup section */

/* Begin XCBuildConfiguration section */
		6003F5BD195388D20070C39A /* Debug */ = {
			isa = XCBuildConfiguration;
			buildSettings = {
				ALWAYS_SEARCH_USER_PATHS = NO;
				CLANG_CXX_LANGUAGE_STANDARD = "gnu++0x";
				CLANG_CXX_LIBRARY = "libc++";
				CLANG_ENABLE_MODULES = YES;
				CLANG_ENABLE_OBJC_ARC = YES;
				CLANG_WARN_BOOL_CONVERSION = YES;
				CLANG_WARN_CONSTANT_CONVERSION = YES;
				CLANG_WARN_DIRECT_OBJC_ISA_USAGE = YES_ERROR;
				CLANG_WARN_EMPTY_BODY = YES;
				CLANG_WARN_ENUM_CONVERSION = YES;
				CLANG_WARN_INT_CONVERSION = YES;
				CLANG_WARN_OBJC_ROOT_CLASS = YES_ERROR;
				CLANG_WARN__DUPLICATE_METHOD_MATCH = YES;
				"CODE_SIGN_IDENTITY[sdk=iphoneos*]" = "iPhone Developer";
				COPY_PHASE_STRIP = NO;
				GCC_C_LANGUAGE_STANDARD = gnu99;
				GCC_DYNAMIC_NO_PIC = NO;
				GCC_OPTIMIZATION_LEVEL = 0;
				GCC_PREPROCESSOR_DEFINITIONS = (
					"DEBUG=1",
					"$(inherited)",
				);
				GCC_SYMBOLS_PRIVATE_EXTERN = NO;
				GCC_WARN_64_TO_32_BIT_CONVERSION = YES;
				GCC_WARN_ABOUT_RETURN_TYPE = YES_ERROR;
				GCC_WARN_UNDECLARED_SELECTOR = YES;
				GCC_WARN_UNINITIALIZED_AUTOS = YES_AGGRESSIVE;
				GCC_WARN_UNUSED_FUNCTION = YES;
				GCC_WARN_UNUSED_VARIABLE = YES;
				IPHONEOS_DEPLOYMENT_TARGET = 7.0;
				ONLY_ACTIVE_ARCH = YES;
				SDKROOT = iphoneos;
				TARGETED_DEVICE_FAMILY = "1,2";
			};
			name = Debug;
		};
		6003F5BE195388D20070C39A /* Release */ = {
			isa = XCBuildConfiguration;
			buildSettings = {
				ALWAYS_SEARCH_USER_PATHS = NO;
				CLANG_CXX_LANGUAGE_STANDARD = "gnu++0x";
				CLANG_CXX_LIBRARY = "libc++";
				CLANG_ENABLE_MODULES = YES;
				CLANG_ENABLE_OBJC_ARC = YES;
				CLANG_WARN_BOOL_CONVERSION = YES;
				CLANG_WARN_CONSTANT_CONVERSION = YES;
				CLANG_WARN_DIRECT_OBJC_ISA_USAGE = YES_ERROR;
				CLANG_WARN_EMPTY_BODY = YES;
				CLANG_WARN_ENUM_CONVERSION = YES;
				CLANG_WARN_INT_CONVERSION = YES;
				CLANG_WARN_OBJC_ROOT_CLASS = YES_ERROR;
				CLANG_WARN__DUPLICATE_METHOD_MATCH = YES;
				"CODE_SIGN_IDENTITY[sdk=iphoneos*]" = "iPhone Developer";
				COPY_PHASE_STRIP = YES;
				ENABLE_NS_ASSERTIONS = NO;
				GCC_C_LANGUAGE_STANDARD = gnu99;
				GCC_WARN_64_TO_32_BIT_CONVERSION = YES;
				GCC_WARN_ABOUT_RETURN_TYPE = YES_ERROR;
				GCC_WARN_UNDECLARED_SELECTOR = YES;
				GCC_WARN_UNINITIALIZED_AUTOS = YES_AGGRESSIVE;
				GCC_WARN_UNUSED_FUNCTION = YES;
				GCC_WARN_UNUSED_VARIABLE = YES;
				IPHONEOS_DEPLOYMENT_TARGET = 7.0;
				SDKROOT = iphoneos;
				TARGETED_DEVICE_FAMILY = "1,2";
				VALIDATE_PRODUCT = YES;
			};
			name = Release;
		};
		6003F5C0195388D20070C39A /* Debug */ = {
			isa = XCBuildConfiguration;
			buildSettings = {
				ASSETCATALOG_COMPILER_APPICON_NAME = AppIcon;
				ASSETCATALOG_COMPILER_LAUNCHIMAGE_NAME = LaunchImage;
				GCC_PRECOMPILE_PREFIX_HEADER = YES;
				GCC_PREFIX_HEADER = "NavigationKitExample/NavigationKitExample-Prefix.pch";
				INFOPLIST_FILE = "NavigationKitExample/NavigationKitExample-Info.plist";
				PRODUCT_NAME = NavigationKitExample;
				TARGETED_DEVICE_FAMILY = 1;
				WRAPPER_EXTENSION = app;
			};
			name = Debug;
		};
		6003F5C1195388D20070C39A /* Release */ = {
			isa = XCBuildConfiguration;
			buildSettings = {
				ASSETCATALOG_COMPILER_APPICON_NAME = AppIcon;
				ASSETCATALOG_COMPILER_LAUNCHIMAGE_NAME = LaunchImage;
				GCC_PRECOMPILE_PREFIX_HEADER = YES;
				GCC_PREFIX_HEADER = "NavigationKitExample/NavigationKitExample-Prefix.pch";
				INFOPLIST_FILE = "NavigationKitExample/NavigationKitExample-Info.plist";
				PRODUCT_NAME = NavigationKitExample;
				TARGETED_DEVICE_FAMILY = 1;
				WRAPPER_EXTENSION = app;
			};
			name = Release;
		};
/* End XCBuildConfiguration section */

/* Begin XCConfigurationList section */
		6003F585195388D10070C39A /* Build configuration list for PBXProject "NavigationKitExample" */ = {
			isa = XCConfigurationList;
			buildConfigurations = (
				6003F5BD195388D20070C39A /* Debug */,
				6003F5BE195388D20070C39A /* Release */,
			);
			defaultConfigurationIsVisible = 0;
			defaultConfigurationName = Release;
		};
		6003F5BF195388D20070C39A /* Build configuration list for PBXNativeTarget "NavigationKitExample" */ = {
			isa = XCConfigurationList;
			buildConfigurations = (
				6003F5C0195388D20070C39A /* Debug */,
				6003F5C1195388D20070C39A /* Release */,
			);
			defaultConfigurationIsVisible = 0;
			defaultConfigurationName = Release;
		};
/* End XCConfigurationList section */
	};
	rootObject = 6003F582195388D10070C39A /* Project object */;
}
